
Microsoft Visual Studio Solution File, Format Version 12.00
# Visual Studio Version 17
VisualStudioVersion = 17.6.33815.320
MinimumVisualStudioVersion = 10.0.40219.1
Project("{8BC9CEB8-8B4A-11D0-8D11-00A0C91BC942}") = "GameOfLife", "GameOfLife.vcxproj", "{0D1BE926-63EF-495C-B33C-D2CF9BF1B4C7}"
EndProject
Global
	GlobalSection(SolutionConfigurationPlatforms) = preSolution
		Debug|x64 = Debug|x64
		Release|x64 = Release|x64
		Static|x64 = Static|x64
	EndGlobalSection
	GlobalSection(ProjectConfigurationPlatforms) = postSolution
		{0D1BE926-63EF-495C-B33C-D2CF9BF1B4C7}.Debug|x64.ActiveCfg = Debug|x64
		{0D1BE926-63EF-495C-B33C-D2CF9BF1B4C7}.Debug|x64.Build.0 = Debug|x64
		{0D1BE926-63EF-495C-B33C-D2CF9BF1B4C7}.Release|x64.ActiveCfg = Release|x64
		{0D1BE926-63EF-495C-B33C-D2CF9BF1B4C7}.Release|x64.Build.0 = Release|x64
		{0D1BE926-63EF-495C-B33C-D2CF9BF1B4C7}.Static|x64.ActiveCfg = Static|x64
		{0D1BE926-63EF-495C-B33C-D2CF9BF1B4C7}.Static|x64.Build.0 = Static|x64
	EndGlobalSection
	GlobalSection(SolutionProperties) = preSolution
		HideSolutionNode = FALSE
	EndGlobalSection
	GlobalSection(ExtensibilityGlobals) = postSolution
		SolutionGuid = {2F6F4011-AB7B-4B49-8D24-B04C9F1FF686}
	EndGlobalSection
EndGlobal
